Microsoft Visual Studio Solution File, Format Version 12.00
# Visual Studio Version 17
VisualStudioVersion = 17.5.2.0
MinimumVisualStudioVersion = 10.0.40219.1
Project("{FAE04EC0-301F-11D3-BF4B-00C04F79EFBC}") = "CompactifAI.Example.Tests", "CompactifAI.Example.Tests\CompactifAI.Example.Tests.csproj", "{65578C82-1A42-62AB-1950-A536F8C3A409}"
EndProject
Project("{FAE04EC0-301F-11D3-BF4B-00C04F79EFBC}") = "CompactifAI.Example", "CompactifAI.Example\CompactifAI.Example.csproj", "{1066775F-FD20-4028-4324-3F27B11F0D4D}"
EndProject
Global
	GlobalSection(SolutionConfigurationPlatforms) = preSolution
		Debug|Any CPU = Debug|Any CPU
		Release|Any CPU = Release|Any CPU
	EndGlobalSection
	GlobalSection(ProjectConfigurationPlatforms) = postSolution
		{65578C82-1A42-62AB-1950-A536F8C3A409}.Debug|Any CPU.ActiveCfg = Debug|Any CPU
		{65578C82-1A42-62AB-1950-A536F8C3A409}.Debug|Any CPU.Build.0 = Debug|Any CPU
		{65578C82-1A42-62AB-1950-A536F8C3A409}.Release|Any CPU.ActiveCfg = Release|Any CPU
		{65578C82-1A42-62AB-1950-A536F8C3A409}.Release|Any CPU.Build.0 = Release|Any CPU
		{1066775F-FD20-4028-4324-3F27B11F0D4D}.Debug|Any CPU.ActiveCfg = Debug|Any CPU
		{1066775F-FD20-4028-4324-3F27B11F0D4D}.Debug|Any CPU.Build.0 = Debug|Any CPU
		{1066775F-FD20-4028-4324-3F27B11F0D4D}.Release|Any CPU.ActiveCfg = Release|Any CPU
		{1066775F-FD20-4028-4324-3F27B11F0D4D}.Release|Any CPU.Build.0 = Release|Any CPU
	EndGlobalSection
	GlobalSection(SolutionProperties) = preSolution
		HideSolutionNode = FALSE
	EndGlobalSection
	GlobalSection(ExtensibilityGlobals) = postSolution
		SolutionGuid = {D53B0404-7DFE-4D7E-9A78-1EC9D2D0D1C1}
	EndGlobalSection
EndGlobal
